// !$*UTF8*$!
{
	archiveVersion = 1;
	classes = {
	};
	objectVersion = 56;
	objects = {

/* Begin PBXBuildFile section */
		6822CB002A24D18B00378286 /* Recipe_List_AppApp.swift in Sources */ = {isa = PBXBuildFile; fileRef = 6822CAFF2A24D18B00378286 /* Recipe_List_AppApp.swift */; };
		6822CB022A24D18B00378286 /* ContentView.swift in Sources */ = {isa = PBXBuildFile; fileRef = 6822CB012A24D18B00378286 /* ContentView.swift */; };
		6822CB042A24D18D00378286 /* Assets.xcassets in Resources */ = {isa = PBXBuildFile; fileRef = 6822CB032A24D18D00378286 /* Assets.xcassets */; };
		6822CB072A24D18D00378286 /* Preview Assets.xcassets in Resources */ = {isa = PBXBuildFile; fileRef = 6822CB062A24D18D00378286 /* Preview Assets.xcassets */; };
		684F92EC2A292C1200CF8100 /* Pizza.swift in Sources */ = {isa = PBXBuildFile; fileRef = 684F92EB2A292C1200CF8100 /* Pizza.swift */; };
		684F92EE2A292CC900CF8100 /* PizzaModel.swift in Sources */ = {isa = PBXBuildFile; fileRef = 684F92ED2A292CC900CF8100 /* PizzaModel.swift */; };
/* End PBXBuildFile section */

/* Begin PBXFileReference section */
		6822CAFC2A24D18B00378286 /* Recipe List App.app */ = {isa = PBXFileReference; explicitFileType = wrapper.application; includeInIndex = 0; path = "Recipe List App.app"; sourceTree = BUILT_PRODUCTS_DIR; };
		6822CAFF2A24D18B00378286 /* Recipe_List_AppApp.swift */ = {isa = PBXFileReference; lastKnownFileType = sourcecode.swift; path = Recipe_List_AppApp.swift; sourceTree = "<group>"; };
		6822CB012A24D18B00378286 /* ContentView.swift */ = {isa = PBXFileReference; lastKnownFileType = sourcecode.swift; path = ContentView.swift; sourceTree = "<group>"; };
		6822CB032A24D18D00378286 /* Assets.xcassets */ = {isa = PBXFileReference; lastKnownFileType = folder.assetcatalog; path = Assets.xcassets; sourceTree = "<group>"; };
		6822CB062A24D18D00378286 /* Preview Assets.xcassets */ = {isa = PBXFileReference; lastKnownFileType = folder.assetcatalog; path = "Preview Assets.xcassets"; sourceTree = "<group>"; };
		684F92EB2A292C1200CF8100 /* Pizza.swift */ = {isa = PBXFileReference; lastKnownFileType = sourcecode.swift; path = Pizza.swift; sourceTree = "<group>"; };
		684F92ED2A292CC900CF8100 /* PizzaModel.swift */ = {isa = PBXFileReference; lastKnownFileType = sourcecode.swift; path = PizzaModel.swift; sourceTree = "<group>"; };
/* End PBXFileReference section */

/* Begin PBXFrameworksBuildPhase section */
		6822CAF92A24D18B00378286 /* Frameworks */ = {
			isa = PBXFrameworksBuildPhase;
			buildActionMask = 2147483647;
			files = (
			);
			runOnlyForDeploymentPostprocessing = 0;
		};
/* End PBXFrameworksBuildPhase section */

/* Begin PBXGroup section */
		6822CAF32A24D18B00378286 = {
			isa = PBXGroup;
			children = (
				6822CAFE2A24D18B00378286 /* Recipe List App */,
				6822CB032A24D18D00378286 /* Assets.xcassets */,
				6822CAFD2A24D18B00378286 /* Products */,
			);
			sourceTree = "<group>";
		};
		6822CAFD2A24D18B00378286 /* Products */ = {
			isa = PBXGroup;
			children = (
				6822CAFC2A24D18B00378286 /* Recipe List App.app */,
			);
			name = Products;
			sourceTree = "<group>";
		};
		6822CAFE2A24D18B00378286 /* Recipe List App */ = {
			isa = PBXGroup;
			children = (
				6822CAFF2A24D18B00378286 /* Recipe_List_AppApp.swift */,
				684F92E82A292B7F00CF8100 /* Views */,
				684F92E92A292B8500CF8100 /* Models */,
				684F92EA2A292B9600CF8100 /* ViewModels */,
				6822CB052A24D18D00378286 /* Preview Content */,
			);
			path = "Recipe List App";
			sourceTree = "<group>";
		};
		6822CB052A24D18D00378286 /* Preview Content */ = {
			isa = PBXGroup;
			children = (
				6822CB062A24D18D00378286 /* Preview Assets.xcassets */,
			);
			path = "Preview Content";
			sourceTree = "<group>";
		};
		684F92E82A292B7F00CF8100 /* Views */ = {
			isa = PBXGroup;
			children = (
				6822CB012A24D18B00378286 /* ContentView.swift */,
			);
			path = Views;
			sourceTree = "<group>";
		};
		684F92E92A292B8500CF8100 /* Models */ = {
			isa = PBXGroup;
			children = (
				684F92EB2A292C1200CF8100 /* Pizza.swift */,
			);
			path = Models;
			sourceTree = "<group>";
		};
		684F92EA2A292B9600CF8100 /* ViewModels */ = {
			isa = PBXGroup;
			children = (
				684F92ED2A292CC900CF8100 /* PizzaModel.swift */,
			);
			path = ViewModels;
			sourceTree = "<group>";
		};
/* End PBXGroup section */

/* Begin PBXNativeTarget section */
		6822CAFB2A24D18B00378286 /* Recipe List App */ = {
			isa = PBXNativeTarget;
			buildConfigurationList = 6822CB0A2A24D18D00378286 /* Build configuration list for PBXNativeTarget "Recipe List App" */;
			buildPhases = (
				6822CAF82A24D18B00378286 /* Sources */,
				6822CAF92A24D18B00378286 /* Frameworks */,
				6822CAFA2A24D18B00378286 /* Resources */,
			);
			buildRules = (
			);
			dependencies = (
			);
			name = "Recipe List App";
			productName = "Recipe List App";
			productReference = 6822CAFC2A24D18B00378286 /* Recipe List App.app */;
			productType = "com.apple.product-type.application";
		};
/* End PBXNativeTarget section */

/* Begin PBXProject section */
		6822CAF42A24D18B00378286 /* Project object */ = {
			isa = PBXProject;
			attributes = {
				BuildIndependentTargetsInParallel = 1;
				LastSwiftUpdateCheck = 1430;
				LastUpgradeCheck = 1430;
				TargetAttributes = {
					6822CAFB2A24D18B00378286 = {
						CreatedOnToolsVersion = 14.3;
					};
				};
			};
			buildConfigurationList = 6822CAF72A24D18B00378286 /* Build configuration list for PBXProject "Recipe List App" */;
			compatibilityVersion = "Xcode 14.0";
			developmentRegion = en;
			hasScannedForEncodings = 0;
			knownRegions = (
				en,
				Base,
			);
			mainGroup = 6822CAF32A24D18B00378286;
			productRefGroup = 6822CAFD2A24D18B00378286 /* Products */;
			projectDirPath = "";
			projectRoot = "";
			targets = (
				6822CAFB2A24D18B00378286 /* Recipe List App */,
			);
		};
/* End PBXProject section */

/* Begin PBXResourcesBuildPhase section */
		6822CAFA2A24D18B00378286 /* Resources */ = {
			isa = PBXResourcesBuildPhase;
			buildActionMask = 2147483647;
			files = (
				6822CB072A24D18D00378286 /* Preview Assets.xcassets in Resources */,
				6822CB042A24D18D00378286 /* Assets.xcassets in Resources */,
			);
			runOnlyForDeploymentPostprocessing = 0;
		};
/* End PBXResourcesBuildPhase section */

/* Begin PBXSourcesBuildPhase section */
		6822CAF82A24D18B00378286 /* Sources */ = {
			isa = PBXSourcesBuildPhase;
			buildActionMask = 2147483647;
			files = (
				6822CB022A24D18B00378286 /* ContentView.swift in Sources */,
				6822CB002A24D18B00378286 /* Recipe_List_AppApp.swift in Sources */,
				684F92EE2A292CC900CF8100 /* PizzaModel.swift in Sources */,
				684F92EC2A292C1200CF8100 /* Pizza.swift in Sources */,
			);
			runOnlyForDeploymentPostprocessing = 0;
		};
/* End PBXSourcesBuildPhase section */

/* Begin XCBuildConfiguration section */
		6822CB082A24D18D00378286 /* Debug */ = {
			isa = XCBuildConfiguration;
			buildSettings = {
				ALWAYS_SEARCH_USER_PATHS = NO;
				CLANG_ANALYZER_NONNULL = YES;
				CLANG_ANALYZER_NUMBER_OBJECT_CONVERSION = YES_AGGRESSIVE;
				CLANG_CXX_LANGUAGE_STANDARD = "gnu++20";
				CLANG_ENABLE_MODULES = YES;
				CLANG_ENABLE_OBJC_ARC = YES;
				CLANG_ENABLE_OBJC_WEAK = YES;
				CLANG_WARN_BLOCK_CAPTURE_AUTORELEASING = YES;
				CLANG_WARN_BOOL_CONVERSION = YES;
				CLANG_WARN_COMMA = YES;
				CLANG_WARN_CONSTANT_CONVERSION = YES;
				CLANG_WARN_DEPRECATED_OBJC_IMPLEMENTATIONS = YES;
				CLANG_WARN_DIRECT_OBJC_ISA_USAGE = YES_ERROR;
				CLANG_WARN_DOCUMENTATION_COMMENTS = YES;
				CLANG_WARN_EMPTY_BODY = YES;
				CLANG_WARN_ENUM_CONVERSION = YES;
				CLANG_WARN_INFINITE_RECURSION = YES;
				CLANG_WARN_INT_CONVERSION = YES;
				CLANG_WARN_NON_LITERAL_NULL_CONVERSION = YES;
				CLANG_WARN_OBJC_IMPLICIT_RETAIN_SELF = YES;
				CLANG_WARN_OBJC_LITERAL_CONVERSION = YES;
				CLANG_WARN_OBJC_ROOT_CLASS = YES_ERROR;
				CLANG_WARN_QUOTED_INCLUDE_IN_FRAMEWORK_HEADER = YES;
				CLANG_WARN_RANGE_LOOP_ANALYSIS = YES;
				CLANG_WARN_STRICT_PROTOTYPES = YES;
				CLANG_WARN_SUSPICIOUS_MOVE = YES;
				CLANG_WARN_UNGUARDED_AVAILABILITY = YES_AGGRESSIVE;
				CLANG_WARN_UNREACHABLE_CODE = YES;
				CLANG_WARN__DUPLICATE_METHOD_MATCH = YES;
				COPY_PHASE_STRIP = NO;
				DEBUG_INFORMATION_FORMAT = dwarf;
				ENABLE_STRICT_OBJC_MSGSEND = YES;
				ENABLE_TESTABILITY = YES;
				GCC_C_LANGUAGE_STANDARD = gnu11;
				GCC_DYNAMIC_NO_PIC = NO;
				GCC_NO_COMMON_BLOCKS = YES;
				GCC_OPTIMIZATION_LEVEL = 0;
				GCC_PREPROCESSOR_DEFINITIONS = (
					"DEBUG=1",
					"$(inherited)",
				);
				GCC_WARN_64_TO_32_BIT_CONVERSION = YES;
				GCC_WARN_ABOUT_RETURN_TYPE = YES_ERROR;
				GCC_WARN_UNDECLARED_SELECTOR = YES;
				GCC_WARN_UNINITIALIZED_AUTOS = YES_AGGRESSIVE;
				GCC_WARN_UNUSED_FUNCTION = YES;
				GCC_WARN_UNUSED_VARIABLE = YES;
				IPHONEOS_DEPLOYMENT_TARGET = 16.4;
				MTL_ENABLE_DEBUG_INFO = INCLUDE_SOURCE;
				MTL_FAST_MATH = YES;
				ONLY_ACTIVE_ARCH = YES;
				SDKROOT = iphoneos;
				SWIFT_ACTIVE_COMPILATION_CONDITIONS = DEBUG;
				SWIFT_OPTIMIZATION_LEVEL = "-Onone";
			};
			name = Debug;
		};
		6822CB092A24D18D00378286 /* Release */ = {
			isa = XCBuildConfiguration;
			buildSettings = {
				ALWAYS_SEARCH_USER_PATHS = NO;
				CLANG_ANALYZER_NONNULL = YES;
				CLANG_ANALYZER_NUMBER_OBJECT_CONVERSION = YES_AGGRESSIVE;
				CLANG_CXX_LANGUAGE_STANDARD = "gnu++20";
				CLANG_ENABLE_MODULES = YES;
				CLANG_ENABLE_OBJC_ARC = YES;
				CLANG_ENABLE_OBJC_WEAK = YES;
				CLANG_WARN_BLOCK_CAPTURE_AUTORELEASING = YES;
				CLANG_WARN_BOOL_CONVERSION = YES;
				CLANG_WARN_COMMA = YES;
				CLANG_WARN_CONSTANT_CONVERSION = YES;
				CLANG_WARN_DEPRECATED_OBJC_IMPLEMENTATIONS = YES;
				CLANG_WARN_DIRECT_OBJC_ISA_USAGE = YES_ERROR;
				CLANG_WARN_DOCUMENTATION_COMMENTS = YES;
				CLANG_WARN_EMPTY_BODY = YES;
				CLANG_WARN_ENUM_CONVERSION = YES;
				CLANG_WARN_INFINITE_RECURSION = YES;
				CLANG_WARN_INT_CONVERSION = YES;
				CLANG_WARN_NON_LITERAL_NULL_CONVERSION = YES;
				CLANG_WARN_OBJC_IMPLICIT_RETAIN_SELF = YES;
				CLANG_WARN_OBJC_LITERAL_CONVERSION = YES;
				CLANG_WARN_OBJC_ROOT_CLASS = YES_ERROR;
				CLANG_WARN_QUOTED_INCLUDE_IN_FRAMEWORK_HEADER = YES;
				CLANG_WARN_RANGE_LOOP_ANALYSIS = YES;
				CLANG_WARN_STRICT_PROTOTYPES = YES;
				CLANG_WARN_SUSPICIOUS_MOVE = YES;
				CLANG_WARN_UNGUARDED_AVAILABILITY = YES_AGGRESSIVE;
				CLANG_WARN_UNREACHABLE_CODE = YES;
				CLANG_WARN__DUPLICATE_METHOD_MATCH = YES;
				COPY_PHASE_STRIP = NO;
				DEBUG_INFORMATION_FORMAT = "dwarf-with-dsym";
				ENABLE_NS_ASSERTIONS = NO;
				ENABLE_STRICT_OBJC_MSGSEND = YES;
				GCC_C_LANGUAGE_STANDARD = gnu11;
				GCC_NO_COMMON_BLOCKS = YES;
				GCC_WARN_64_TO_32_BIT_CONVERSION = YES;
				GCC_WARN_ABOUT_RETURN_TYPE = YES_ERROR;
				GCC_WARN_UNDECLARED_SELECTOR = YES;
				GCC_WARN_UNINITIALIZED_AUTOS = YES_AGGRESSIVE;
				GCC_WARN_UNUSED_FUNCTION = YES;
				GCC_WARN_UNUSED_VARIABLE = YES;
				IPHONEOS_DEPLOYMENT_TARGET = 16.4;
				MTL_ENABLE_DEBUG_INFO = NO;
				MTL_FAST_MATH = YES;
				SDKROOT = iphoneos;
				SWIFT_COMPILATION_MODE = wholemodule;
				SWIFT_OPTIMIZATION_LEVEL = "-O";
				VALIDATE_PRODUCT = YES;
			};
			name = Release;
		};
		6822CB0B2A24D18D00378286 /* Debug */ = {
			isa = XCBuildConfiguration;
			buildSettings = {
				ASSETCATALOG_COMPILER_APPICON_NAME = AppIcon;
				ASSETCATALOG_COMPILER_GLOBAL_ACCENT_COLOR_NAME = AccentColor;
				CODE_SIGN_STYLE = Automatic;
				CURRENT_PROJECT_VERSION = 1;
				DEVELOPMENT_ASSET_PATHS = "\"Recipe List App/Preview Content\"";
				DEVELOPMENT_TEAM = 9Y4U7GC37R;
				ENABLE_PREVIEWS = YES;
				GENERATE_INFOPLIST_FILE = YES;
				INFOPLIST_KEY_UIApplicationSceneManifest_Generation = YES;
				INFOPLIST_KEY_UIApplicationSupportsIndirectInputEvents = YES;
				INFOPLIST_KEY_UILaunchScreen_Generation = YES;
				INFOPLIST_KEY_UISupportedInterfaceOrientations_iPad = "UIInterfaceOrientationPortrait UIInterfaceOrientationPortraitUpsideDown UIInterfaceOrientationLandscapeLeft UIInterfaceOrientationLandscapeRight";
				INFOPLIST_KEY_UISupportedInterfaceOrientations_iPhone = "UIInterfaceOrientationPortrait UIInterfaceOrientationLandscapeLeft UIInterfaceOrientationLandscapeRight";
				LD_RUNPATH_SEARCH_PATHS = (
					"$(inherited)",
					"@executable_path/Frameworks",
				);
				MARKETING_VERSION = 1.0;
				PRODUCT_BUNDLE_IDENTIFIER = "com.kristianemil.Recipe-List-App";
				PRODUCT_NAME = "$(TARGET_NAME)";
				SWIFT_EMIT_LOC_STRINGS = YES;
				SWIFT_VERSION = 5.0;
				TARGETED_DEVICE_FAMILY = "1,2";
			};
			name = Debug;
		};
		6822CB0C2A24D18D00378286 /* Release */ = {
			isa = XCBuildConfiguration;
			buildSettings = {
				ASSETCATALOG_COMPILER_APPICON_NAME = AppIcon;
				ASSETCATALOG_COMPILER_GLOBAL_ACCENT_COLOR_NAME = AccentColor;
				CODE_SIGN_STYLE = Automatic;
				CURRENT_PROJECT_VERSION = 1;
				DEVELOPMENT_ASSET_PATHS = "\"Recipe List App/Preview Content\"";
				DEVELOPMENT_TEAM = 9Y4U7GC37R;
				ENABLE_PREVIEWS = YES;
				GENERATE_INFOPLIST_FILE = YES;
				INFOPLIST_KEY_UIApplicationSceneManifest_Generation = YES;
				INFOPLIST_KEY_UIApplicationSupportsIndirectInputEvents = YES;
				INFOPLIST_KEY_UILaunchScreen_Generation = YES;
				INFOPLIST_KEY_UISupportedInterfaceOrientations_iPad = "UIInterfaceOrientationPortrait UIInterfaceOrientationPortraitUpsideDown UIInterfaceOrientationLandscapeLeft UIInterfaceOrientationLandscapeRight";
				INFOPLIST_KEY_UISupportedInterfaceOrientations_iPhone = "UIInterfaceOrientationPortrait UIInterfaceOrientationLandscapeLeft UIInterfaceOrientationLandscapeRight";
				LD_RUNPATH_SEARCH_PATHS = (
					"$(inherited)",
					"@executable_path/Frameworks",
				);
				MARKETING_VERSION = 1.0;
				PRODUCT_BUNDLE_IDENTIFIER = "com.kristianemil.Recipe-List-App";
				PRODUCT_NAME = "$(TARGET_NAME)";
				SWIFT_EMIT_LOC_STRINGS = YES;
				SWIFT_VERSION = 5.0;
				TARGETED_DEVICE_FAMILY = "1,2";
			};
			name = Release;
		};
/* End XCBuildConfiguration section */

/* Begin XCConfigurationList section */
		6822CAF72A24D18B00378286 /* Build configuration list for PBXProject "Recipe List App" */ = {
			isa = XCConfigurationList;
			buildConfigurations = (
				6822CB082A24D18D00378286 /* Debug */,
				6822CB092A24D18D00378286 /* Release */,
			);
			defaultConfigurationIsVisible = 0;
			defaultConfigurationName = Release;
		};
		6822CB0A2A24D18D00378286 /* Build configuration list for PBXNativeTarget "Recipe List App" */ = {
			isa = XCConfigurationList;
			buildConfigurations = (
				6822CB0B2A24D18D00378286 /* Debug */,
				6822CB0C2A24D18D00378286 /* Release */,
			);
			defaultConfigurationIsVisible = 0;
			defaultConfigurationName = Release;
		};
/* End XCConfigurationList section */
	};
	rootObject = 6822CAF42A24D18B00378286 /* Project object */;
}
